
Microsoft Visual Studio Solution File, Format Version 12.00
# Visual Studio Version 16
VisualStudioVersion = 16.0.32002.261
MinimumVisualStudioVersion = 10.0.40219.1
Project("{6EC3EE1D-3C4E-46DD-8F32-0CC8E7565705}") = "LR5", "LR5.fsproj", "{99406FA7-8FF5-4A96-8D21-E6AA83F16C29}"
EndProject
Project("{6EC3EE1D-3C4E-46DD-8F32-0CC8E7565705}") = "5.11", "5.11\5.11.fsproj", "{887CB65B-6D49-4AB9-AF95-A6C10F2ACA94}"
EndProject
Project("{6EC3EE1D-3C4E-46DD-8F32-0CC8E7565705}") = "5.12", "5.12\5.12.fsproj", "{552D3195-3902-45BC-9497-C87AC5320547}"
EndProject
Project("{6EC3EE1D-3C4E-46DD-8F32-0CC8E7565705}") = "5.13", "5.13\5.13.fsproj", "{DF75A663-6D31-40B5-8AD4-109514729005}"
EndProject
Project("{6EC3EE1D-3C4E-46DD-8F32-0CC8E7565705}") = "5.14", "5.14\5.14.fsproj", "{BC0EF642-8057-4D5C-8BD0-2920FA7721CD}"
EndProject
Project("{6EC3EE1D-3C4E-46DD-8F32-0CC8E7565705}") = "5.15", "5.15\5.15.fsproj", "{F84D9F04-574E-4BBB-AE18-F58DC29EA67F}"
EndProject
Project("{6EC3EE1D-3C4E-46DD-8F32-0CC8E7565705}") = "5.16", "5.16\5.16.fsproj", "{198BF499-74B5-4B8D-9168-5D36B2FE7230}"
EndProject
Project("{6EC3EE1D-3C4E-46DD-8F32-0CC8E7565705}") = "5.17", "5.17\5.17.fsproj", "{C44662E1-C920-4BA5-956E-3EA1C8103B91}"
EndProject
Project("{6EC3EE1D-3C4E-46DD-8F32-0CC8E7565705}") = "5.18", "5.18\5.18.fsproj", "{F2A8E41F-A18A-45B2-8032-E37D6A7FA19F}"
EndProject
Project("{6EC3EE1D-3C4E-46DD-8F32-0CC8E7565705}") = "5.20", "5.20\5.20.fsproj", "{144C515D-2F14-4AE1-B9F1-908BEB84DF85}"
EndProject
Project("{6EC3EE1D-3C4E-46DD-8F32-0CC8E7565705}") = "6.1.1(12)", "6.1.1(12)\6.1.1(12).fsproj", "{F397A280-337D-4134-89D7-E90D8562F6CB}"
EndProject
Project("{6EC3EE1D-3C4E-46DD-8F32-0CC8E7565705}") = "6.1.2(13)", "6.1.2(13)\6.1.2(13).fsproj", "{2F98D74A-A61B-45EF-A431-7E55EFC79F1B}"
EndProject
Project("{6EC3EE1D-3C4E-46DD-8F32-0CC8E7565705}") = "6.1.13(14)", "6.1.13(14)\6.1.13(14).fsproj", "{898DF47B-7380-4027-9903-47AEA30FD71A}"
EndProject
Project("{6EC3EE1D-3C4E-46DD-8F32-0CC8E7565705}") = "6.11.1", "6.11.1\6.11.1.fsproj", "{8285339C-F4EF-453E-8D88-B23FC0599BA0}"
EndProject
Project("{6EC3EE1D-3C4E-46DD-8F32-0CC8E7565705}") = "6.1.15(15)", "6.1.15(15)\6.1.15(15).fsproj", "{5AC9039A-958C-4FFD-9606-C9E23F4599AD}"
EndProject
Project("{6EC3EE1D-3C4E-46DD-8F32-0CC8E7565705}") = "6.1.25(16)", "6.1.25(16)\6.1.25(16).fsproj", "{28A43353-5252-474A-848D-F0CCF1C4111B}"
EndProject
Project("{6EC3EE1D-3C4E-46DD-8F32-0CC8E7565705}") = "6.1.28(17)", "6.1.28(17)\6.1.28(17).fsproj", "{EDA24BB3-D748-4D6C-B965-1D78C0014BC3}"
EndProject
Project("{6EC3EE1D-3C4E-46DD-8F32-0CC8E7565705}") = "6.1.37(18)", "6.1.37(18)\6.1.37(18).fsproj", "{2A1C7A3F-DC51-4EE0-91C5-C7490ACF6F8F}"
EndProject
Project("{6EC3EE1D-3C4E-46DD-8F32-0CC8E7565705}") = "6.1.43(19)", "6.1.43(19)\6.1.43(19).fsproj", "{6F28F1AA-E280-49F1-ADB1-57636C4B90AB}"
EndProject
Project("{6EC3EE1D-3C4E-46DD-8F32-0CC8E7565705}") = "6.1.59(20)", "6.1.59(20)\6.1.59(20).fsproj", "{330271FF-66A4-4657-B98A-B3EEE93B22FD}"
EndProject
Project("{6EC3EE1D-3C4E-46DD-8F32-0CC8E7565705}") = "7.1.1", "7.1.1\7.1.1.fsproj", "{2E247A55-8F54-4D11-8797-8209A123A9F1}"
EndProject
Project("{6EC3EE1D-3C4E-46DD-8F32-0CC8E7565705}") = "7.1.11(2)", "7.1.11(2)\7.1.11(2).fsproj", "{475FB245-2208-483B-9D7B-283845064157}"
EndProject
Project("{6EC3EE1D-3C4E-46DD-8F32-0CC8E7565705}") = "7.1.21(3)", "7.1.21(3)\7.1.21(3).fsproj", "{358DA574-84A0-446E-9C1F-A30163C0FD03}"
EndProject
Project("{6EC3EE1D-3C4E-46DD-8F32-0CC8E7565705}") = "7.1.31(4)", "7.1.31(4)\7.1.31(4).fsproj", "{AD59A5B1-7FF5-4D5F-A0C1-C5DFD6F865FA}"
EndProject
Project("{6EC3EE1D-3C4E-46DD-8F32-0CC8E7565705}") = "7.1.41(5)", "7.1.41(5)\7.1.41(5).fsproj", "{98CD04C0-02C9-4E9F-A9FC-0BD4E5BCC9A8}"
EndProject
Project("{F2A71F9B-5D33-465A-A702-920D77279786}") = "7.1.51(6)", "7.1.51(6)\7.1.51(6).fsproj", "{1B4384CA-28D7-4E5A-A10B-72AF9DAF5BD4}"
EndProject
Global
	GlobalSection(SolutionConfigurationPlatforms) = preSolution
		Debug|Any CPU = Debug|Any CPU
		Release|Any CPU = Release|Any CPU
	EndGlobalSection
	GlobalSection(ProjectConfigurationPlatforms) = postSolution
		{99406FA7-8FF5-4A96-8D21-E6AA83F16C29}.Debug|Any CPU.ActiveCfg = Debug|Any CPU
		{99406FA7-8FF5-4A96-8D21-E6AA83F16C29}.Debug|Any CPU.Build.0 = Debug|Any CPU
		{99406FA7-8FF5-4A96-8D21-E6AA83F16C29}.Release|Any CPU.ActiveCfg = Release|Any CPU
		{99406FA7-8FF5-4A96-8D21-E6AA83F16C29}.Release|Any CPU.Build.0 = Release|Any CPU
		{887CB65B-6D49-4AB9-AF95-A6C10F2ACA94}.Debug|Any CPU.ActiveCfg = Debug|Any CPU
		{887CB65B-6D49-4AB9-AF95-A6C10F2ACA94}.Debug|Any CPU.Build.0 = Debug|Any CPU
		{887CB65B-6D49-4AB9-AF95-A6C10F2ACA94}.Release|Any CPU.ActiveCfg = Release|Any CPU
		{887CB65B-6D49-4AB9-AF95-A6C10F2ACA94}.Release|Any CPU.Build.0 = Release|Any CPU
		{552D3195-3902-45BC-9497-C87AC5320547}.Debug|Any CPU.ActiveCfg = Debug|Any CPU
		{552D3195-3902-45BC-9497-C87AC5320547}.Debug|Any CPU.Build.0 = Debug|Any CPU
		{552D3195-3902-45BC-9497-C87AC5320547}.Release|Any CPU.ActiveCfg = Release|Any CPU
		{552D3195-3902-45BC-9497-C87AC5320547}.Release|Any CPU.Build.0 = Release|Any CPU
		{DF75A663-6D31-40B5-8AD4-109514729005}.Debug|Any CPU.ActiveCfg = Debug|Any CPU
		{DF75A663-6D31-40B5-8AD4-109514729005}.Debug|Any CPU.Build.0 = Debug|Any CPU
		{DF75A663-6D31-40B5-8AD4-109514729005}.Release|Any CPU.ActiveCfg = Release|Any CPU
		{DF75A663-6D31-40B5-8AD4-109514729005}.Release|Any CPU.Build.0 = Release|Any CPU
		{BC0EF642-8057-4D5C-8BD0-2920FA7721CD}.Debug|Any CPU.ActiveCfg = Debug|Any CPU
		{BC0EF642-8057-4D5C-8BD0-2920FA7721CD}.Debug|Any CPU.Build.0 = Debug|Any CPU
		{BC0EF642-8057-4D5C-8BD0-2920FA7721CD}.Release|Any CPU.ActiveCfg = Release|Any CPU
		{BC0EF642-8057-4D5C-8BD0-2920FA7721CD}.Release|Any CPU.Build.0 = Release|Any CPU
		{F84D9F04-574E-4BBB-AE18-F58DC29EA67F}.Debug|Any CPU.ActiveCfg = Debug|Any CPU
		{F84D9F04-574E-4BBB-AE18-F58DC29EA67F}.Debug|Any CPU.Build.0 = Debug|Any CPU
		{F84D9F04-574E-4BBB-AE18-F58DC29EA67F}.Release|Any CPU.ActiveCfg = Release|Any CPU
		{F84D9F04-574E-4BBB-AE18-F58DC29EA67F}.Release|Any CPU.Build.0 = Release|Any CPU
		{198BF499-74B5-4B8D-9168-5D36B2FE7230}.Debug|Any CPU.ActiveCfg = Debug|Any CPU
		{198BF499-74B5-4B8D-9168-5D36B2FE7230}.Debug|Any CPU.Build.0 = Debug|Any CPU
		{198BF499-74B5-4B8D-9168-5D36B2FE7230}.Release|Any CPU.ActiveCfg = Release|Any CPU
		{198BF499-74B5-4B8D-9168-5D36B2FE7230}.Release|Any CPU.Build.0 = Release|Any CPU
		{C44662E1-C920-4BA5-956E-3EA1C8103B91}.Debug|Any CPU.ActiveCfg = Debug|Any CPU
		{C44662E1-C920-4BA5-956E-3EA1C8103B91}.Debug|Any CPU.Build.0 = Debug|Any CPU
		{C44662E1-C920-4BA5-956E-3EA1C8103B91}.Release|Any CPU.ActiveCfg = Release|Any CPU
		{C44662E1-C920-4BA5-956E-3EA1C8103B91}.Release|Any CPU.Build.0 = Release|Any CPU
		{F2A8E41F-A18A-45B2-8032-E37D6A7FA19F}.Debug|Any CPU.ActiveCfg = Debug|Any CPU
		{F2A8E41F-A18A-45B2-8032-E37D6A7FA19F}.Debug|Any CPU.Build.0 = Debug|Any CPU
		{F2A8E41F-A18A-45B2-8032-E37D6A7FA19F}.Release|Any CPU.ActiveCfg = Release|Any CPU
		{F2A8E41F-A18A-45B2-8032-E37D6A7FA19F}.Release|Any CPU.Build.0 = Release|Any CPU
		{144C515D-2F14-4AE1-B9F1-908BEB84DF85}.Debug|Any CPU.ActiveCfg = Debug|Any CPU
		{144C515D-2F14-4AE1-B9F1-908BEB84DF85}.Debug|Any CPU.Build.0 = Debug|Any CPU
		{144C515D-2F14-4AE1-B9F1-908BEB84DF85}.Release|Any CPU.ActiveCfg = Release|Any CPU
		{144C515D-2F14-4AE1-B9F1-908BEB84DF85}.Release|Any CPU.Build.0 = Release|Any CPU
		{F397A280-337D-4134-89D7-E90D8562F6CB}.Debug|Any CPU.ActiveCfg = Debug|Any CPU
		{F397A280-337D-4134-89D7-E90D8562F6CB}.Debug|Any CPU.Build.0 = Debug|Any CPU
		{F397A280-337D-4134-89D7-E90D8562F6CB}.Release|Any CPU.ActiveCfg = Release|Any CPU
		{F397A280-337D-4134-89D7-E90D8562F6CB}.Release|Any CPU.Build.0 = Release|Any CPU
		{2F98D74A-A61B-45EF-A431-7E55EFC79F1B}.Debug|Any CPU.ActiveCfg = Debug|Any CPU
		{2F98D74A-A61B-45EF-A431-7E55EFC79F1B}.Debug|Any CPU.Build.0 = Debug|Any CPU
		{2F98D74A-A61B-45EF-A431-7E55EFC79F1B}.Release|Any CPU.ActiveCfg = Release|Any CPU
		{2F98D74A-A61B-45EF-A431-7E55EFC79F1B}.Release|Any CPU.Build.0 = Release|Any CPU
		{898DF47B-7380-4027-9903-47AEA30FD71A}.Debug|Any CPU.ActiveCfg = Debug|Any CPU
		{898DF47B-7380-4027-9903-47AEA30FD71A}.Debug|Any CPU.Build.0 = Debug|Any CPU
		{898DF47B-7380-4027-9903-47AEA30FD71A}.Release|Any CPU.ActiveCfg = Release|Any CPU
		{898DF47B-7380-4027-9903-47AEA30FD71A}.Release|Any CPU.Build.0 = Release|Any CPU
		{8285339C-F4EF-453E-8D88-B23FC0599BA0}.Debug|Any CPU.ActiveCfg = Debug|Any CPU
		{8285339C-F4EF-453E-8D88-B23FC0599BA0}.Debug|Any CPU.Build.0 = Debug|Any CPU
		{8285339C-F4EF-453E-8D88-B23FC0599BA0}.Release|Any CPU.ActiveCfg = Release|Any CPU
		{8285339C-F4EF-453E-8D88-B23FC0599BA0}.Release|Any CPU.Build.0 = Release|Any CPU
		{5AC9039A-958C-4FFD-9606-C9E23F4599AD}.Debug|Any CPU.ActiveCfg = Debug|Any CPU
		{5AC9039A-958C-4FFD-9606-C9E23F4599AD}.Debug|Any CPU.Build.0 = Debug|Any CPU
		{5AC9039A-958C-4FFD-9606-C9E23F4599AD}.Release|Any CPU.ActiveCfg = Release|Any CPU
		{5AC9039A-958C-4FFD-9606-C9E23F4599AD}.Release|Any CPU.Build.0 = Release|Any CPU
		{28A43353-5252-474A-848D-F0CCF1C4111B}.Debug|Any CPU.ActiveCfg = Debug|Any CPU
		{28A43353-5252-474A-848D-F0CCF1C4111B}.Debug|Any CPU.Build.0 = Debug|Any CPU
		{28A43353-5252-474A-848D-F0CCF1C4111B}.Release|Any CPU.ActiveCfg = Release|Any CPU
		{28A43353-5252-474A-848D-F0CCF1C4111B}.Release|Any CPU.Build.0 = Release|Any CPU
		{EDA24BB3-D748-4D6C-B965-1D78C0014BC3}.Debug|Any CPU.ActiveCfg = Debug|Any CPU
		{EDA24BB3-D748-4D6C-B965-1D78C0014BC3}.Debug|Any CPU.Build.0 = Debug|Any CPU
		{EDA24BB3-D748-4D6C-B965-1D78C0014BC3}.Release|Any CPU.ActiveCfg = Release|Any CPU
		{EDA24BB3-D748-4D6C-B965-1D78C0014BC3}.Release|Any CPU.Build.0 = Release|Any CPU
		{2A1C7A3F-DC51-4EE0-91C5-C7490ACF6F8F}.Debug|Any CPU.ActiveCfg = Debug|Any CPU
		{2A1C7A3F-DC51-4EE0-91C5-C7490ACF6F8F}.Debug|Any CPU.Build.0 = Debug|Any CPU
		{2A1C7A3F-DC51-4EE0-91C5-C7490ACF6F8F}.Release|Any CPU.ActiveCfg = Release|Any CPU
		{2A1C7A3F-DC51-4EE0-91C5-C7490ACF6F8F}.Release|Any CPU.Build.0 = Release|Any CPU
		{6F28F1AA-E280-49F1-ADB1-57636C4B90AB}.Debug|Any CPU.ActiveCfg = Debug|Any CPU
		{6F28F1AA-E280-49F1-ADB1-57636C4B90AB}.Debug|Any CPU.Build.0 = Debug|Any CPU
		{6F28F1AA-E280-49F1-ADB1-57636C4B90AB}.Release|Any CPU.ActiveCfg = Release|Any CPU
		{6F28F1AA-E280-49F1-ADB1-57636C4B90AB}.Release|Any CPU.Build.0 = Release|Any CPU
		{330271FF-66A4-4657-B98A-B3EEE93B22FD}.Debug|Any CPU.ActiveCfg = Debug|Any CPU
		{330271FF-66A4-4657-B98A-B3EEE93B22FD}.Debug|Any CPU.Build.0 = Debug|Any CPU
		{330271FF-66A4-4657-B98A-B3EEE93B22FD}.Release|Any CPU.ActiveCfg = Release|Any CPU
		{330271FF-66A4-4657-B98A-B3EEE93B22FD}.Release|Any CPU.Build.0 = Release|Any CPU
		{2E247A55-8F54-4D11-8797-8209A123A9F1}.Debug|Any CPU.ActiveCfg = Debug|Any CPU
		{2E247A55-8F54-4D11-8797-8209A123A9F1}.Debug|Any CPU.Build.0 = Debug|Any CPU
		{2E247A55-8F54-4D11-8797-8209A123A9F1}.Release|Any CPU.ActiveCfg = Release|Any CPU
		{2E247A55-8F54-4D11-8797-8209A123A9F1}.Release|Any CPU.Build.0 = Release|Any CPU
		{475FB245-2208-483B-9D7B-283845064157}.Debug|Any CPU.ActiveCfg = Debug|Any CPU
		{475FB245-2208-483B-9D7B-283845064157}.Debug|Any CPU.Build.0 = Debug|Any CPU
		{475FB245-2208-483B-9D7B-283845064157}.Release|Any CPU.ActiveCfg = Release|Any CPU
		{475FB245-2208-483B-9D7B-283845064157}.Release|Any CPU.Build.0 = Release|Any CPU
		{358DA574-84A0-446E-9C1F-A30163C0FD03}.Debug|Any CPU.ActiveCfg = Debug|Any CPU
		{358DA574-84A0-446E-9C1F-A30163C0FD03}.Debug|Any CPU.Build.0 = Debug|Any CPU
		{358DA574-84A0-446E-9C1F-A30163C0FD03}.Release|Any CPU.ActiveCfg = Release|Any CPU
		{358DA574-84A0-446E-9C1F-A30163C0FD03}.Release|Any CPU.Build.0 = Release|Any CPU
		{AD59A5B1-7FF5-4D5F-A0C1-C5DFD6F865FA}.Debug|Any CPU.ActiveCfg = Debug|Any CPU
		{AD59A5B1-7FF5-4D5F-A0C1-C5DFD6F865FA}.Debug|Any CPU.Build.0 = Debug|Any CPU
		{AD59A5B1-7FF5-4D5F-A0C1-C5DFD6F865FA}.Release|Any CPU.ActiveCfg = Release|Any CPU
		{AD59A5B1-7FF5-4D5F-A0C1-C5DFD6F865FA}.Release|Any CPU.Build.0 = Release|Any CPU
		{98CD04C0-02C9-4E9F-A9FC-0BD4E5BCC9A8}.Debug|Any CPU.ActiveCfg = Debug|Any CPU
		{98CD04C0-02C9-4E9F-A9FC-0BD4E5BCC9A8}.Debug|Any CPU.Build.0 = Debug|Any CPU
		{98CD04C0-02C9-4E9F-A9FC-0BD4E5BCC9A8}.Release|Any CPU.ActiveCfg = Release|Any CPU
		{98CD04C0-02C9-4E9F-A9FC-0BD4E5BCC9A8}.Release|Any CPU.Build.0 = Release|Any CPU
		{1B4384CA-28D7-4E5A-A10B-72AF9DAF5BD4}.Debug|Any CPU.ActiveCfg = Debug|Any CPU
		{1B4384CA-28D7-4E5A-A10B-72AF9DAF5BD4}.Debug|Any CPU.Build.0 = Debug|Any CPU
		{1B4384CA-28D7-4E5A-A10B-72AF9DAF5BD4}.Release|Any CPU.ActiveCfg = Release|Any CPU
		{1B4384CA-28D7-4E5A-A10B-72AF9DAF5BD4}.Release|Any CPU.Build.0 = Release|Any CPU
	EndGlobalSection
	GlobalSection(SolutionProperties) = preSolution
		HideSolutionNode = FALSE
	EndGlobalSection
	GlobalSection(ExtensibilityGlobals) = postSolution
		SolutionGuid = {BC615359-B4B9-473B-B251-37CB7317284B}
	EndGlobalSection
EndGlobal
